PODS:
  - PromiseKit (4.1.3):
    - PromiseKit/Foundation (= 4.1.3)
    - PromiseKit/QuartzCore (= 4.1.3)
    - PromiseKit/UIKit (= 4.1.3)
  - PromiseKit/CorePromise (4.1.3)
  - PromiseKit/Foundation (4.1.3):
    - PromiseKit/CorePromise
  - PromiseKit/QuartzCore (4.1.3):
    - PromiseKit/CorePromise
  - PromiseKit/UIKit (4.1.3):
    - PromiseKit/CorePromise

DEPENDENCIES:
  - PromiseKit (~> 4.0)

SPEC CHECKSUMS:
  PromiseKit: 56baec63efa89210c023260879435a5a6b3bff00

PODFILE CHECKSUM: 62596508345b7b048e58f45e339c0657fc43ccc5

COCOAPODS: 1.1.1
