// !$*UTF8*$!
{
	archiveVersion = 1;
	classes = {
	};
	objectVersion = 46;
	objects = {

/* Begin PBXBuildFile section */
		7D4C56BE6B1629F3F65DFF35 /* Pods_BB2.framework in Frameworks */ = {isa = PBXBuildFile; fileRef = 9490BB64993BE2BA19D39CC4 /* Pods_BB2.framework */; };
		84665E4EFC78946B759F4B66 /* Pods_BB2UITests.framework in Frameworks */ = {isa = PBXBuildFile; fileRef = 8C0D1AED244CF280364BB49A /* Pods_BB2UITests.framework */; };
		847AE1724974BD79C9512CAF /* Pods_BB2Tests.framework in Frameworks */ = {isa = PBXBuildFile; fileRef = 5093326FA270E9AD78D626D1 /* Pods_BB2Tests.framework */; };
		930928491E3AC9D4007DEA67 /* String+.swift in Sources */ = {isa = PBXBuildFile; fileRef = 930928481E3AC9D4007DEA67 /* String+.swift */; };
		932AF3B31E39E594007B8D5E /* ReadingPuzzleVC.swift in Sources */ = {isa = PBXBuildFile; fileRef = 932AF3B21E39E594007B8D5E /* ReadingPuzzleVC.swift */; };
		9330544D1E3A8C2C00AB7D91 /* AnimationError.swift in Sources */ = {isa = PBXBuildFile; fileRef = 9330544C1E3A8C2C00AB7D91 /* AnimationError.swift */; };
		9333034B1E39B8EC00E2C957 /* PuzzleId.swift in Sources */ = {isa = PBXBuildFile; fileRef = 9333034A1E39B8EC00E2C957 /* PuzzleId.swift */; };
		9333034D1E39BF6E00E2C957 /* SegueHandlerType.swift in Sources */ = {isa = PBXBuildFile; fileRef = 9333034C1E39BF6E00E2C957 /* SegueHandlerType.swift */; };
		934EBB221E3081AD005E44FB /* LightButton.swift in Sources */ = {isa = PBXBuildFile; fileRef = 934EBB211E3081AD005E44FB /* LightButton.swift */; };
		934EBB241E3082E0005E44FB /* GridPosition.swift in Sources */ = {isa = PBXBuildFile; fileRef = 934EBB231E3082E0005E44FB /* GridPosition.swift */; };
		934EBB281E309B5C005E44FB /* Values.swift in Sources */ = {isa = PBXBuildFile; fileRef = 934EBB271E309B5C005E44FB /* Values.swift */; };
		934EBB2A1E309DE2005E44FB /* Colors.swift in Sources */ = {isa = PBXBuildFile; fileRef = 934EBB291E309DE2005E44FB /* Colors.swift */; };
		9361F1C11E4E913E00F9C59C /* SegueId.swift in Sources */ = {isa = PBXBuildFile; fileRef = 9361F1C01E4E913E00F9C59C /* SegueId.swift */; };
		9361F1C31E4E936D00F9C59C /* Puzzle.swift in Sources */ = {isa = PBXBuildFile; fileRef = 9361F1C21E4E936D00F9C59C /* Puzzle.swift */; };
		9361F1C71E4E954A00F9C59C /* WaitOneMinute.swift in Sources */ = {isa = PBXBuildFile; fileRef = 9361F1C61E4E954A00F9C59C /* WaitOneMinute.swift */; };
		9361F1C91E4E96E800F9C59C /* WaitOneDay.swift in Sources */ = {isa = PBXBuildFile; fileRef = 9361F1C81E4E96E800F9C59C /* WaitOneDay.swift */; };
		9361F1CB1E4E96F500F9C59C /* WaitOneHour.swift in Sources */ = {isa = PBXBuildFile; fileRef = 9361F1CA1E4E96F500F9C59C /* WaitOneHour.swift */; };
		936DD7231E4A8AB100FE83FC /* WaitVC.swift in Sources */ = {isa = PBXBuildFile; fileRef = 936DD7221E4A8AB100FE83FC /* WaitVC.swift */; };
		93815A0B1E82413100A5AA79 /* FallingBlockVC.swift in Sources */ = {isa = PBXBuildFile; fileRef = 93815A0A1E82413100A5AA79 /* FallingBlockVC.swift */; };
		9385C0A71E318E1E001DF453 /* LightGroup.swift in Sources */ = {isa = PBXBuildFile; fileRef = 9385C0A61E318E1E001DF453 /* LightGroup.swift */; };
		9386AA411E3045D6007239C8 /* AppDelegate.swift in Sources */ = {isa = PBXBuildFile; fileRef = 9386AA401E3045D6007239C8 /* AppDelegate.swift */; };
		9386AA431E3045D6007239C8 /* MainMenuVC.swift in Sources */ = {isa = PBXBuildFile; fileRef = 9386AA421E3045D6007239C8 /* MainMenuVC.swift */; };
		9386AA461E3045D6007239C8 /* Main.storyboard in Resources */ = {isa = PBXBuildFile; fileRef = 9386AA441E3045D6007239C8 /* Main.storyboard */; };
		9386AA481E3045D6007239C8 /* Assets.xcassets in Resources */ = {isa = PBXBuildFile; fileRef = 9386AA471E3045D6007239C8 /* Assets.xcassets */; };
		9386AA4B1E3045D6007239C8 /* LaunchScreen.storyboard in Resources */ = {isa = PBXBuildFile; fileRef = 9386AA491E3045D6007239C8 /* LaunchScreen.storyboard */; };
		9386AA561E3045D6007239C8 /* BB2Tests.swift in Sources */ = {isa = PBXBuildFile; fileRef = 9386AA551E3045D6007239C8 /* BB2Tests.swift */; };
		9386AA611E3045D6007239C8 /* BB2UITests.swift in Sources */ = {isa = PBXBuildFile; fileRef = 9386AA601E3045D6007239C8 /* BB2UITests.swift */; };
		9386AA6F1E304A1B007239C8 /* Dot.swift in Sources */ = {isa = PBXBuildFile; fileRef = 9386AA6E1E304A1B007239C8 /* Dot.swift */; };
		93912C551E7DEDB20012D015 /* BatteryView.swift in Sources */ = {isa = PBXBuildFile; fileRef = 93912C541E7DEDB20012D015 /* BatteryView.swift */; };
		9391668A1E54F1F200F93C87 /* MenuItem.swift in Sources */ = {isa = PBXBuildFile; fileRef = 939166891E54F1F200F93C87 /* MenuItem.swift */; };
		9391668C1E54F1FD00F93C87 /* MainMenuVM.swift in Sources */ = {isa = PBXBuildFile; fileRef = 9391668B1E54F1FD00F93C87 /* MainMenuVM.swift */; };
		9391668E1E54F20B00F93C87 /* LightVM.swift in Sources */ = {isa = PBXBuildFile; fileRef = 9391668D1E54F20B00F93C87 /* LightVM.swift */; };
		939166921E54F30600F93C87 /* LevelVM.swift in Sources */ = {isa = PBXBuildFile; fileRef = 939166911E54F30600F93C87 /* LevelVM.swift */; };
		939166981E54FF1600F93C87 /* WaitVM.swift in Sources */ = {isa = PBXBuildFile; fileRef = 939166971E54FF1600F93C87 /* WaitVM.swift */; };
		93AC43301E8228F200D0F43D /* WaveFormView.swift in Sources */ = {isa = PBXBuildFile; fileRef = 93AC432F1E8228F200D0F43D /* WaveFormView.swift */; };
		93ACE8301EC0D1B1001F8882 /* NotificationCenter.framework in Frameworks */ = {isa = PBXBuildFile; fileRef = 9326D15C1EBE835A00D54CA2 /* NotificationCenter.framework */; };
		93ACE8331EC0D1B2001F8882 /* TodayViewController.swift in Sources */ = {isa = PBXBuildFile; fileRef = 93ACE8321EC0D1B2001F8882 /* TodayViewController.swift */; };
		93ACE8361EC0D1B2001F8882 /* MainInterface.storyboard in Resources */ = {isa = PBXBuildFile; fileRef = 93ACE8341EC0D1B2001F8882 /* MainInterface.storyboard */; };
		93ACE83A1EC0D1B2001F8882 /* OpenBoxExtension.appex in Embed App Extensions */ = {isa = PBXBuildFile; fileRef = 93ACE82F1EC0D1B1001F8882 /* OpenBoxExtension.appex */; settings = {ATTRIBUTES = (RemoveHeadersOnCopy, ); }; };
		93ACE83E1EC0D27B001F8882 /* PuzzleId.swift in Sources */ = {isa = PBXBuildFile; fileRef = 9333034A1E39B8EC00E2C957 /* PuzzleId.swift */; };
		93CC77F61E5BDF1200A7623A /* RedBattery.swift in Sources */ = {isa = PBXBuildFile; fileRef = 93CC77F51E5BDF1200A7623A /* RedBattery.swift */; };
		93CC77F81E5BDF1B00A7623A /* GreenBattery.swift in Sources */ = {isa = PBXBuildFile; fileRef = 93CC77F71E5BDF1B00A7623A /* GreenBattery.swift */; };
		93CC77FA1E5BDF2400A7623A /* WhiteBattery.swift in Sources */ = {isa = PBXBuildFile; fileRef = 93CC77F91E5BDF2400A7623A /* WhiteBattery.swift */; };
		93E20F7A1E58B60C0017F55F /* WaitOneSecond.swift in Sources */ = {isa = PBXBuildFile; fileRef = 93E20F791E58B60C0017F55F /* WaitOneSecond.swift */; };
		93E20F7C1E58BB5C0017F55F /* FableVC.swift in Sources */ = {isa = PBXBuildFile; fileRef = 93E20F7B1E58BB5C0017F55F /* FableVC.swift */; };
		93E20F7E1E58BB810017F55F /* FableVM.swift in Sources */ = {isa = PBXBuildFile; fileRef = 93E20F7D1E58BB810017F55F /* FableVM.swift */; };
		93E20F801E58BE900017F55F /* ReadFirstStanza.swift in Sources */ = {isa = PBXBuildFile; fileRef = 93E20F7F1E58BE900017F55F /* ReadFirstStanza.swift */; };
		93E20F821E58BF110017F55F /* ReadForward.swift in Sources */ = {isa = PBXBuildFile; fileRef = 93E20F811E58BF110017F55F /* ReadForward.swift */; };
		93E20F841E58BF290017F55F /* ReadBackward.swift in Sources */ = {isa = PBXBuildFile; fileRef = 93E20F831E58BF290017F55F /* ReadBackward.swift */; };
		93E20F861E58BF430017F55F /* ReadLastStanzaBackward.swift in Sources */ = {isa = PBXBuildFile; fileRef = 93E20F851E58BF430017F55F /* ReadLastStanzaBackward.swift */; };
		93E20F8A1E58E7040017F55F /* YellowBattery.swift in Sources */ = {isa = PBXBuildFile; fileRef = 93E20F891E58E7040017F55F /* YellowBattery.swift */; };
		93E20F8C1E58E7190017F55F /* BatteryVC.swift in Sources */ = {isa = PBXBuildFile; fileRef = 93E20F8B1E58E7190017F55F /* BatteryVC.swift */; };
		93E20F8E1E58E7270017F55F /* BatteryVM.swift in Sources */ = {isa = PBXBuildFile; fileRef = 93E20F8D1E58E7270017F55F /* BatteryVM.swift */; };
/* End PBXBuildFile section */

/* Begin PBXContainerItemProxy section */
		9386AA521E3045D6007239C8 /* PBXContainerItemProxy */ = {
			isa = PBXContainerItemProxy;
			containerPortal = 9386AA351E3045D6007239C8 /* Project object */;
			proxyType = 1;
			remoteGlobalIDString = 9386AA3C1E3045D6007239C8;
			remoteInfo = BB2;
		};
		9386AA5D1E3045D6007239C8 /* PBXContainerItemProxy */ = {
			isa = PBXContainerItemProxy;
			containerPortal = 9386AA351E3045D6007239C8 /* Project object */;
			proxyType = 1;
			remoteGlobalIDString = 9386AA3C1E3045D6007239C8;
			remoteInfo = BB2;
		};
		93ACE8381EC0D1B2001F8882 /* PBXContainerItemProxy */ = {
			isa = PBXContainerItemProxy;
			containerPortal = 9386AA351E3045D6007239C8 /* Project object */;
			proxyType = 1;
			remoteGlobalIDString = 93ACE82E1EC0D1B1001F8882;
			remoteInfo = OpenBoxExtension;
		};
/* End PBXContainerItemProxy section */

/* Begin PBXCopyFilesBuildPhase section */
		9326D16B1EBE835B00D54CA2 /* Embed App Extensions */ = {
			isa = PBXCopyFilesBuildPhase;
			buildActionMask = 2147483647;
			dstPath = "";
			dstSubfolderSpec = 13;
			files = (
				93ACE83A1EC0D1B2001F8882 /* OpenBoxExtension.appex in Embed App Extensions */,
			);
			name = "Embed App Extensions";
			runOnlyForDeploymentPostprocessing = 0;
		};
/* End PBXCopyFilesBuildPhase section */

/* Begin PBXFileReference section */
		5093326FA270E9AD78D626D1 /* Pods_BB2Tests.framework */ = {isa = PBXFileReference; explicitFileType = wrapper.framework; includeInIndex = 0; path = Pods_BB2Tests.framework; sourceTree = BUILT_PRODUCTS_DIR; };
		7D103234974380A7179B589E /* Pods-BB2UITests.debug.xcconfig */ = {isa = PBXFileReference; includeInIndex = 1; lastKnownFileType = text.xcconfig; name = "Pods-BB2UITests.debug.xcconfig"; path = "Pods/Target Support Files/Pods-BB2UITests/Pods-BB2UITests.debug.xcconfig"; sourceTree = "<group>"; };
		7FBC9F34362A65786E4C2403 /* Pods-BB2Tests.release.xcconfig */ = {isa = PBXFileReference; includeInIndex = 1; lastKnownFileType = text.xcconfig; name = "Pods-BB2Tests.release.xcconfig"; path = "Pods/Target Support Files/Pods-BB2Tests/Pods-BB2Tests.release.xcconfig"; sourceTree = "<group>"; };
		8C0D1AED244CF280364BB49A /* Pods_BB2UITests.framework */ = {isa = PBXFileReference; explicitFileType = wrapper.framework; includeInIndex = 0; path = Pods_BB2UITests.framework; sourceTree = BUILT_PRODUCTS_DIR; };
		930928481E3AC9D4007DEA67 /* String+.swift */ = {isa = PBXFileReference; fileEncoding = 4; lastKnownFileType = sourcecode.swift; path = "String+.swift"; sourceTree = "<group>"; };
		9326D15C1EBE835A00D54CA2 /* NotificationCenter.framework */ = {isa = PBXFileReference; lastKnownFileType = wrapper.framework; name = NotificationCenter.framework; path = System/Library/Frameworks/NotificationCenter.framework; sourceTree = SDKROOT; };
		932AF3B21E39E594007B8D5E /* ReadingPuzzleVC.swift */ = {isa = PBXFileReference; fileEncoding = 4; lastKnownFileType = sourcecode.swift; path = ReadingPuzzleVC.swift; sourceTree = "<group>"; };
		9330544C1E3A8C2C00AB7D91 /* AnimationError.swift */ = {isa = PBXFileReference; fileEncoding = 4; lastKnownFileType = sourcecode.swift; path = AnimationError.swift; sourceTree = "<group>"; };
		9333034A1E39B8EC00E2C957 /* PuzzleId.swift */ = {isa = PBXFileReference; fileEncoding = 4; lastKnownFileType = sourcecode.swift; path = PuzzleId.swift; sourceTree = "<group>"; };
		9333034C1E39BF6E00E2C957 /* SegueHandlerType.swift */ = {isa = PBXFileReference; fileEncoding = 4; lastKnownFileType = sourcecode.swift; path = SegueHandlerType.swift; sourceTree = "<group>"; };
		934EBB211E3081AD005E44FB /* LightButton.swift */ = {isa = PBXFileReference; fileEncoding = 4; lastKnownFileType = sourcecode.swift; path = LightButton.swift; sourceTree = "<group>"; };
		934EBB231E3082E0005E44FB /* GridPosition.swift */ = {isa = PBXFileReference; fileEncoding = 4; lastKnownFileType = sourcecode.swift; path = GridPosition.swift; sourceTree = "<group>"; };
		934EBB271E309B5C005E44FB /* Values.swift */ = {isa = PBXFileReference; fileEncoding = 4; lastKnownFileType = sourcecode.swift; path = Values.swift; sourceTree = "<group>"; };
		934EBB291E309DE2005E44FB /* Colors.swift */ = {isa = PBXFileReference; fileEncoding = 4; lastKnownFileType = sourcecode.swift; path = Colors.swift; sourceTree = "<group>"; };
		9361F1C01E4E913E00F9C59C /* SegueId.swift */ = {isa = PBXFileReference; fileEncoding = 4; lastKnownFileType = sourcecode.swift; path = SegueId.swift; sourceTree = "<group>"; };
		9361F1C21E4E936D00F9C59C /* Puzzle.swift */ = {isa = PBXFileReference; fileEncoding = 4; lastKnownFileType = sourcecode.swift; path = Puzzle.swift; sourceTree = "<group>"; };
		9361F1C61E4E954A00F9C59C /* WaitOneMinute.swift */ = {isa = PBXFileReference; fileEncoding = 4; lastKnownFileType = sourcecode.swift; path = WaitOneMinute.swift; sourceTree = "<group>"; };
		9361F1C81E4E96E800F9C59C /* WaitOneDay.swift */ = {isa = PBXFileReference; fileEncoding = 4; lastKnownFileType = sourcecode.swift; path = WaitOneDay.swift; sourceTree = "<group>"; };
		9361F1CA1E4E96F500F9C59C /* WaitOneHour.swift */ = {isa = PBXFileReference; fileEncoding = 4; lastKnownFileType = sourcecode.swift; path = WaitOneHour.swift; sourceTree = "<group>"; };
		936DD7221E4A8AB100FE83FC /* WaitVC.swift */ = {isa = PBXFileReference; fileEncoding = 4; lastKnownFileType = sourcecode.swift; path = WaitVC.swift; sourceTree = "<group>"; };
		93815A0A1E82413100A5AA79 /* FallingBlockVC.swift */ = {isa = PBXFileReference; fileEncoding = 4; lastKnownFileType = sourcecode.swift; path = FallingBlockVC.swift; sourceTree = "<group>"; };
		9385C0A61E318E1E001DF453 /* LightGroup.swift */ = {isa = PBXFileReference; fileEncoding = 4; lastKnownFileType = sourcecode.swift; path = LightGroup.swift; sourceTree = "<group>"; };
		9386AA3D1E3045D6007239C8 /* BB2.app */ = {isa = PBXFileReference; explicitFileType = wrapper.application; includeInIndex = 0; path = BB2.app; sourceTree = BUILT_PRODUCTS_DIR; };
		9386AA401E3045D6007239C8 /* AppDelegate.swift */ = {isa = PBXFileReference; lastKnownFileType = sourcecode.swift; path = AppDelegate.swift; sourceTree = "<group>"; };
		9386AA421E3045D6007239C8 /* MainMenuVC.swift */ = {isa = PBXFileReference; lastKnownFileType = sourcecode.swift; path = MainMenuVC.swift; sourceTree = "<group>"; };
		9386AA451E3045D6007239C8 /* Base */ = {isa = PBXFileReference; lastKnownFileType = file.storyboard; name = Base; path = Base.lproj/Main.storyboard; sourceTree = "<group>"; };
		9386AA471E3045D6007239C8 /* Assets.xcassets */ = {isa = PBXFileReference; lastKnownFileType = folder.assetcatalog; path = Assets.xcassets; sourceTree = "<group>"; };
		9386AA4A1E3045D6007239C8 /* Base */ = {isa = PBXFileReference; lastKnownFileType = file.storyboard; name = Base; path = Base.lproj/LaunchScreen.storyboard; sourceTree = "<group>"; };
		9386AA4C1E3045D6007239C8 /* Info.plist */ = {isa = PBXFileReference; lastKnownFileType = text.plist.xml; path = Info.plist; sourceTree = "<group>"; };
		9386AA511E3045D6007239C8 /* BB2Tests.xctest */ = {isa = PBXFileReference; explicitFileType = wrapper.cfbundle; includeInIndex = 0; path = BB2Tests.xctest; sourceTree = BUILT_PRODUCTS_DIR; };
		9386AA551E3045D6007239C8 /* BB2Tests.swift */ = {isa = PBXFileReference; lastKnownFileType = sourcecode.swift; path = BB2Tests.swift; sourceTree = "<group>"; };
		9386AA571E3045D6007239C8 /* Info.plist */ = {isa = PBXFileReference; lastKnownFileType = text.plist.xml; path = Info.plist; sourceTree = "<group>"; };
		9386AA5C1E3045D6007239C8 /* BB2UITests.xctest */ = {isa = PBXFileReference; explicitFileType = wrapper.cfbundle; includeInIndex = 0; path = BB2UITests.xctest; sourceTree = BUILT_PRODUCTS_DIR; };
		9386AA601E3045D6007239C8 /* BB2UITests.swift */ = {isa = PBXFileReference; lastKnownFileType = sourcecode.swift; path = BB2UITests.swift; sourceTree = "<group>"; };
		9386AA621E3045D6007239C8 /* Info.plist */ = {isa = PBXFileReference; lastKnownFileType = text.plist.xml; path = Info.plist; sourceTree = "<group>"; };
		9386AA6E1E304A1B007239C8 /* Dot.swift */ = {isa = PBXFileReference; fileEncoding = 4; lastKnownFileType = sourcecode.swift; path = Dot.swift; sourceTree = "<group>"; };
		93912C541E7DEDB20012D015 /* BatteryView.swift */ = {isa = PBXFileReference; fileEncoding = 4; lastKnownFileType = sourcecode.swift; path = BatteryView.swift; sourceTree = "<group>"; };
		939166891E54F1F200F93C87 /* MenuItem.swift */ = {isa = PBXFileReference; fileEncoding = 4; lastKnownFileType = sourcecode.swift; path = MenuItem.swift; sourceTree = "<group>"; };
		9391668B1E54F1FD00F93C87 /* MainMenuVM.swift */ = {isa = PBXFileReference; fileEncoding = 4; lastKnownFileType = sourcecode.swift; path = MainMenuVM.swift; sourceTree = "<group>"; };
		9391668D1E54F20B00F93C87 /* LightVM.swift */ = {isa = PBXFileReference; fileEncoding = 4; lastKnownFileType = sourcecode.swift; path = LightVM.swift; sourceTree = "<group>"; };
		939166911E54F30600F93C87 /* LevelVM.swift */ = {isa = PBXFileReference; fileEncoding = 4; lastKnownFileType = sourcecode.swift; path = LevelVM.swift; sourceTree = "<group>"; };
		939166971E54FF1600F93C87 /* WaitVM.swift */ = {isa = PBXFileReference; fileEncoding = 4; lastKnownFileType = sourcecode.swift; path = WaitVM.swift; sourceTree = "<group>"; };
		93AC432F1E8228F200D0F43D /* WaveFormView.swift */ = {isa = PBXFileReference; fileEncoding = 4; lastKnownFileType = sourcecode.swift; path = WaveFormView.swift; sourceTree = "<group>"; };
		93ACE82F1EC0D1B1001F8882 /* OpenBoxExtension.appex */ = {isa = PBXFileReference; explicitFileType = "wrapper.app-extension"; includeInIndex = 0; path = OpenBoxExtension.appex; sourceTree = BUILT_PRODUCTS_DIR; };
		93ACE8321EC0D1B2001F8882 /* TodayViewController.swift */ = {isa = PBXFileReference; lastKnownFileType = sourcecode.swift; path = TodayViewController.swift; sourceTree = "<group>"; };
		93ACE8351EC0D1B2001F8882 /* Base */ = {isa = PBXFileReference; lastKnownFileType = file.storyboard; name = Base; path = Base.lproj/MainInterface.storyboard; sourceTree = "<group>"; };
		93ACE8371EC0D1B2001F8882 /* Info.plist */ = {isa = PBXFileReference; lastKnownFileType = text.plist.xml; path = Info.plist; sourceTree = "<group>"; };
		93CC77F51E5BDF1200A7623A /* RedBattery.swift */ = {isa = PBXFileReference; fileEncoding = 4; lastKnownFileType = sourcecode.swift; path = RedBattery.swift; sourceTree = "<group>"; };
		93CC77F71E5BDF1B00A7623A /* GreenBattery.swift */ = {isa = PBXFileReference; fileEncoding = 4; lastKnownFileType = sourcecode.swift; path = GreenBattery.swift; sourceTree = "<group>"; };
		93CC77F91E5BDF2400A7623A /* WhiteBattery.swift */ = {isa = PBXFileReference; fileEncoding = 4; lastKnownFileType = sourcecode.swift; path = WhiteBattery.swift; sourceTree = "<group>"; };
		93E20F791E58B60C0017F55F /* WaitOneSecond.swift */ = {isa = PBXFileReference; fileEncoding = 4; lastKnownFileType = sourcecode.swift; path = WaitOneSecond.swift; sourceTree = "<group>"; };
		93E20F7B1E58BB5C0017F55F /* FableVC.swift */ = {isa = PBXFileReference; fileEncoding = 4; lastKnownFileType = sourcecode.swift; path = FableVC.swift; sourceTree = "<group>"; };
		93E20F7D1E58BB810017F55F /* FableVM.swift */ = {isa = PBXFileReference; fileEncoding = 4; lastKnownFileType = sourcecode.swift; path = FableVM.swift; sourceTree = "<group>"; };
		93E20F7F1E58BE900017F55F /* ReadFirstStanza.swift */ = {isa = PBXFileReference; fileEncoding = 4; lastKnownFileType = sourcecode.swift; path = ReadFirstStanza.swift; sourceTree = "<group>"; };
		93E20F811E58BF110017F55F /* ReadForward.swift */ = {isa = PBXFileReference; fileEncoding = 4; lastKnownFileType = sourcecode.swift; path = ReadForward.swift; sourceTree = "<group>"; };
		93E20F831E58BF290017F55F /* ReadBackward.swift */ = {isa = PBXFileReference; fileEncoding = 4; lastKnownFileType = sourcecode.swift; path = ReadBackward.swift; sourceTree = "<group>"; };
		93E20F851E58BF430017F55F /* ReadLastStanzaBackward.swift */ = {isa = PBXFileReference; fileEncoding = 4; lastKnownFileType = sourcecode.swift; path = ReadLastStanzaBackward.swift; sourceTree = "<group>"; };
		93E20F891E58E7040017F55F /* YellowBattery.swift */ = {isa = PBXFileReference; fileEncoding = 4; lastKnownFileType = sourcecode.swift; path = YellowBattery.swift; sourceTree = "<group>"; };
		93E20F8B1E58E7190017F55F /* BatteryVC.swift */ = {isa = PBXFileReference; fileEncoding = 4; lastKnownFileType = sourcecode.swift; path = BatteryVC.swift; sourceTree = "<group>"; };
		93E20F8D1E58E7270017F55F /* BatteryVM.swift */ = {isa = PBXFileReference; fileEncoding = 4; lastKnownFileType = sourcecode.swift; path = BatteryVM.swift; sourceTree = "<group>"; };
		9490BB64993BE2BA19D39CC4 /* Pods_BB2.framework */ = {isa = PBXFileReference; explicitFileType = wrapper.framework; includeInIndex = 0; path = Pods_BB2.framework; sourceTree = BUILT_PRODUCTS_DIR; };
		B255FC23AD4670B8B9D74D2D /* Pods-BB2.release.xcconfig */ = {isa = PBXFileReference; includeInIndex = 1; lastKnownFileType = text.xcconfig; name = "Pods-BB2.release.xcconfig"; path = "Pods/Target Support Files/Pods-BB2/Pods-BB2.release.xcconfig"; sourceTree = "<group>"; };
		B57B65A926BAC55AF9154ED5 /* Pods-BB2UITests.release.xcconfig */ = {isa = PBXFileReference; includeInIndex = 1; lastKnownFileType = text.xcconfig; name = "Pods-BB2UITests.release.xcconfig"; path = "Pods/Target Support Files/Pods-BB2UITests/Pods-BB2UITests.release.xcconfig"; sourceTree = "<group>"; };
		BCAB88EFBA06AC83E6E859C3 /* Pods-BB2.debug.xcconfig */ = {isa = PBXFileReference; includeInIndex = 1; lastKnownFileType = text.xcconfig; name = "Pods-BB2.debug.xcconfig"; path = "Pods/Target Support Files/Pods-BB2/Pods-BB2.debug.xcconfig"; sourceTree = "<group>"; };
		CFCDCF74E269FB191F4A4AD6 /* Pods-BB2Tests.debug.xcconfig */ = {isa = PBXFileReference; includeInIndex = 1; lastKnownFileType = text.xcconfig; name = "Pods-BB2Tests.debug.xcconfig"; path = "Pods/Target Support Files/Pods-BB2Tests/Pods-BB2Tests.debug.xcconfig"; sourceTree = "<group>"; };
/* End PBXFileReference section */

/* Begin PBXFrameworksBuildPhase section */
		9386AA3A1E3045D6007239C8 /* Frameworks */ = {
			isa = PBXFrameworksBuildPhase;
			buildActionMask = 2147483647;
			files = (
				7D4C56BE6B1629F3F65DFF35 /* Pods_BB2.framework in Frameworks */,
			);
			runOnlyForDeploymentPostprocessing = 0;
		};
		9386AA4E1E3045D6007239C8 /* Frameworks */ = {
			isa = PBXFrameworksBuildPhase;
			buildActionMask = 2147483647;
			files = (
				847AE1724974BD79C9512CAF /* Pods_BB2Tests.framework in Frameworks */,
			);
			runOnlyForDeploymentPostprocessing = 0;
		};
		9386AA591E3045D6007239C8 /* Frameworks */ = {
			isa = PBXFrameworksBuildPhase;
			buildActionMask = 2147483647;
			files = (
				84665E4EFC78946B759F4B66 /* Pods_BB2UITests.framework in Frameworks */,
			);
			runOnlyForDeploymentPostprocessing = 0;
		};
		93ACE82C1EC0D1B1001F8882 /* Frameworks */ = {
			isa = PBXFrameworksBuildPhase;
			buildActionMask = 2147483647;
			files = (
				93ACE8301EC0D1B1001F8882 /* NotificationCenter.framework in Frameworks */,
			);
			runOnlyForDeploymentPostprocessing = 0;
		};
/* End PBXFrameworksBuildPhase section */

/* Begin PBXGroup section */
		932AF3B41E39E59E007B8D5E /* ViewControllers */ = {
			isa = PBXGroup;
			children = (
				939166941E54F43900F93C87 /* MainMenu */,
				939166931E54F42F00F93C87 /* Levels */,
			);
			name = ViewControllers;
			sourceTree = "<group>";
		};
		9361F1BD1E4E903800F9C59C /* Views */ = {
			isa = PBXGroup;
			children = (
				934EBB231E3082E0005E44FB /* GridPosition.swift */,
				9386AA6E1E304A1B007239C8 /* Dot.swift */,
				9391668D1E54F20B00F93C87 /* LightVM.swift */,
				934EBB211E3081AD005E44FB /* LightButton.swift */,
				9385C0A61E318E1E001DF453 /* LightGroup.swift */,
				93912C541E7DEDB20012D015 /* BatteryView.swift */,
			);
			name = Views;
			sourceTree = "<group>";
		};
		9361F1BE1E4E90EC00F9C59C /* Extensions */ = {
			isa = PBXGroup;
			children = (
				930928481E3AC9D4007DEA67 /* String+.swift */,
			);
			name = Extensions;
			sourceTree = "<group>";
		};
		9361F1BF1E4E911C00F9C59C /* Error */ = {
			isa = PBXGroup;
			children = (
				9330544C1E3A8C2C00AB7D91 /* AnimationError.swift */,
			);
			name = Error;
			sourceTree = "<group>";
		};
		9361F1C51E4E952500F9C59C /* Puzzles */ = {
			isa = PBXGroup;
			children = (
				9333034A1E39B8EC00E2C957 /* PuzzleId.swift */,
				9361F1C21E4E936D00F9C59C /* Puzzle.swift */,
				93E20F871E58BF660017F55F /* Wait */,
				93E20F921E58F38B0017F55F /* LowPower */,
				93E20F881E58BF760017F55F /* Fable */,
			);
			name = Puzzles;
			sourceTree = "<group>";
		};
		93815A0C1E82413700A5AA79 /* Falling Block */ = {
			isa = PBXGroup;
			children = (
				93815A0A1E82413100A5AA79 /* FallingBlockVC.swift */,
			);
			name = "Falling Block";
			sourceTree = "<group>";
		};
		9385C0A81E3191F7001DF453 /* Models */ = {
			isa = PBXGroup;
			children = (
				9361F1C51E4E952500F9C59C /* Puzzles */,
			);
			name = Models;
			sourceTree = "<group>";
		};
		9385C0A91E319210001DF453 /* Constants */ = {
			isa = PBXGroup;
			children = (
				934EBB271E309B5C005E44FB /* Values.swift */,
				934EBB291E309DE2005E44FB /* Colors.swift */,
			);
			name = Constants;
			sourceTree = "<group>";
		};
		9385C0AA1E319220001DF453 /* Assets/Launch/Plist */ = {
			isa = PBXGroup;
			children = (
				9386AA471E3045D6007239C8 /* Assets.xcassets */,
				9386AA491E3045D6007239C8 /* LaunchScreen.storyboard */,
				9386AA4C1E3045D6007239C8 /* Info.plist */,
			);
			name = Assets/Launch/Plist;
			sourceTree = "<group>";
		};
		9386AA341E3045D6007239C8 = {
			isa = PBXGroup;
			children = (
				9386AA3F1E3045D6007239C8 /* BB2 */,
				9386AA541E3045D6007239C8 /* BB2Tests */,
				9386AA5F1E3045D6007239C8 /* BB2UITests */,
				93ACE8311EC0D1B1001F8882 /* OpenBoxExtension */,
				9386AA3E1E3045D6007239C8 /* Products */,
				AA2E2771859727FAC28D623B /* Pods */,
				E6291931C6C1EF94F40F8536 /* Frameworks */,
			);
			sourceTree = "<group>";
		};
		9386AA3E1E3045D6007239C8 /* Products */ = {
			isa = PBXGroup;
			children = (
				9386AA3D1E3045D6007239C8 /* BB2.app */,
				9386AA511E3045D6007239C8 /* BB2Tests.xctest */,
				9386AA5C1E3045D6007239C8 /* BB2UITests.xctest */,
				93ACE82F1EC0D1B1001F8882 /* OpenBoxExtension.appex */,
			);
			name = Products;
			sourceTree = "<group>";
		};
		9386AA3F1E3045D6007239C8 /* BB2 */ = {
			isa = PBXGroup;
			children = (
				9386AA401E3045D6007239C8 /* AppDelegate.swift */,
				9386AA441E3045D6007239C8 /* Main.storyboard */,
				932AF3B41E39E59E007B8D5E /* ViewControllers */,
				9361F1BD1E4E903800F9C59C /* Views */,
				9385C0A81E3191F7001DF453 /* Models */,
				9361F1BF1E4E911C00F9C59C /* Error */,
				9361F1BE1E4E90EC00F9C59C /* Extensions */,
				9385C0A91E319210001DF453 /* Constants */,
				9385C0AA1E319220001DF453 /* Assets/Launch/Plist */,
			);
			path = BB2;
			sourceTree = "<group>";
		};
		9386AA541E3045D6007239C8 /* BB2Tests */ = {
			isa = PBXGroup;
			children = (
				9386AA551E3045D6007239C8 /* BB2Tests.swift */,
				9386AA571E3045D6007239C8 /* Info.plist */,
			);
			path = BB2Tests;
			sourceTree = "<group>";
		};
		9386AA5F1E3045D6007239C8 /* BB2UITests */ = {
			isa = PBXGroup;
			children = (
				9386AA601E3045D6007239C8 /* BB2UITests.swift */,
				9386AA621E3045D6007239C8 /* Info.plist */,
			);
			path = BB2UITests;
			sourceTree = "<group>";
		};
		93912C531E7DE8F00012D015 /* Reading */ = {
			isa = PBXGroup;
			children = (
				932AF3B21E39E594007B8D5E /* ReadingPuzzleVC.swift */,
				93AC432F1E8228F200D0F43D /* WaveFormView.swift */,
			);
			name = Reading;
			sourceTree = "<group>";
		};
		939166931E54F42F00F93C87 /* Levels */ = {
			isa = PBXGroup;
			children = (
				939166911E54F30600F93C87 /* LevelVM.swift */,
				93815A0C1E82413700A5AA79 /* Falling Block */,
				93912C531E7DE8F00012D015 /* Reading */,
				93E20F8F1E58F3740017F55F /* Wait */,
				93E20F901E58F3790017F55F /* Battery */,
				93E20F911E58F3810017F55F /* Fable */,
			);
			name = Levels;
			sourceTree = "<group>";
		};
		939166941E54F43900F93C87 /* MainMenu */ = {
			isa = PBXGroup;
			children = (
				9333034C1E39BF6E00E2C957 /* SegueHandlerType.swift */,
				9361F1C01E4E913E00F9C59C /* SegueId.swift */,
				9386AA421E3045D6007239C8 /* MainMenuVC.swift */,
				9391668B1E54F1FD00F93C87 /* MainMenuVM.swift */,
				939166891E54F1F200F93C87 /* MenuItem.swift */,
			);
			name = MainMenu;
			sourceTree = "<group>";
		};
		93ACE8311EC0D1B1001F8882 /* OpenBoxExtension */ = {
			isa = PBXGroup;
			children = (
				93ACE8321EC0D1B2001F8882 /* TodayViewController.swift */,
				93ACE8341EC0D1B2001F8882 /* MainInterface.storyboard */,
				93ACE8371EC0D1B2001F8882 /* Info.plist */,
			);
			path = OpenBoxExtension;
			sourceTree = "<group>";
		};
		93E20F871E58BF660017F55F /* Wait */ = {
			isa = PBXGroup;
			children = (
				93E20F791E58B60C0017F55F /* WaitOneSecond.swift */,
				9361F1C61E4E954A00F9C59C /* WaitOneMinute.swift */,
				9361F1CA1E4E96F500F9C59C /* WaitOneHour.swift */,
				9361F1C81E4E96E800F9C59C /* WaitOneDay.swift */,
			);
			name = Wait;
			sourceTree = "<group>";
		};
		93E20F881E58BF760017F55F /* Fable */ = {
			isa = PBXGroup;
			children = (
				93E20F7F1E58BE900017F55F /* ReadFirstStanza.swift */,
				93E20F811E58BF110017F55F /* ReadForward.swift */,
				93E20F831E58BF290017F55F /* ReadBackward.swift */,
				93E20F851E58BF430017F55F /* ReadLastStanzaBackward.swift */,
			);
			name = Fable;
			sourceTree = "<group>";
		};
		93E20F8F1E58F3740017F55F /* Wait */ = {
			isa = PBXGroup;
			children = (
				936DD7221E4A8AB100FE83FC /* WaitVC.swift */,
				939166971E54FF1600F93C87 /* WaitVM.swift */,
			);
			name = Wait;
			sourceTree = "<group>";
		};
		93E20F901E58F3790017F55F /* Battery */ = {
			isa = PBXGroup;
			children = (
				93E20F8B1E58E7190017F55F /* BatteryVC.swift */,
				93E20F8D1E58E7270017F55F /* BatteryVM.swift */,
			);
			name = Battery;
			sourceTree = "<group>";
		};
		93E20F911E58F3810017F55F /* Fable */ = {
			isa = PBXGroup;
			children = (
				93E20F7B1E58BB5C0017F55F /* FableVC.swift */,
				93E20F7D1E58BB810017F55F /* FableVM.swift */,
			);
			name = Fable;
			sourceTree = "<group>";
		};
		93E20F921E58F38B0017F55F /* LowPower */ = {
			isa = PBXGroup;
			children = (
				93E20F891E58E7040017F55F /* YellowBattery.swift */,
				93CC77F51E5BDF1200A7623A /* RedBattery.swift */,
				93CC77F71E5BDF1B00A7623A /* GreenBattery.swift */,
				93CC77F91E5BDF2400A7623A /* WhiteBattery.swift */,
			);
			name = LowPower;
			sourceTree = "<group>";
		};
		AA2E2771859727FAC28D623B /* Pods */ = {
			isa = PBXGroup;
			children = (
				BCAB88EFBA06AC83E6E859C3 /* Pods-BB2.debug.xcconfig */,
				B255FC23AD4670B8B9D74D2D /* Pods-BB2.release.xcconfig */,
				CFCDCF74E269FB191F4A4AD6 /* Pods-BB2Tests.debug.xcconfig */,
				7FBC9F34362A65786E4C2403 /* Pods-BB2Tests.release.xcconfig */,
				7D103234974380A7179B589E /* Pods-BB2UITests.debug.xcconfig */,
				B57B65A926BAC55AF9154ED5 /* Pods-BB2UITests.release.xcconfig */,
			);
			name = Pods;
			sourceTree = "<group>";
		};
		E6291931C6C1EF94F40F8536 /* Frameworks */ = {
			isa = PBXGroup;
			children = (
				9490BB64993BE2BA19D39CC4 /* Pods_BB2.framework */,
				5093326FA270E9AD78D626D1 /* Pods_BB2Tests.framework */,
				8C0D1AED244CF280364BB49A /* Pods_BB2UITests.framework */,
				9326D15C1EBE835A00D54CA2 /* NotificationCenter.framework */,
			);
			name = Frameworks;
			sourceTree = "<group>";
		};
/* End PBXGroup section */

/* Begin PBXNativeTarget section */
		9386AA3C1E3045D6007239C8 /* BB2 */ = {
			isa = PBXNativeTarget;
			buildConfigurationList = 9386AA651E3045D6007239C8 /* Build configuration list for PBXNativeTarget "BB2" */;
			buildPhases = (
				00E47ACA2C9E8001EA4A7D96 /* [CP] Check Pods Manifest.lock */,
				9386AA391E3045D6007239C8 /* Sources */,
				9386AA3A1E3045D6007239C8 /* Frameworks */,
				9386AA3B1E3045D6007239C8 /* Resources */,
				52A3BA054CF8AADA93CCEB6E /* [CP] Embed Pods Frameworks */,
				46A6F5202C78F4CC8AEA185A /* [CP] Copy Pods Resources */,
				9326D16B1EBE835B00D54CA2 /* Embed App Extensions */,
			);
			buildRules = (
			);
			dependencies = (
				93ACE8391EC0D1B2001F8882 /* PBXTargetDependency */,
			);
			name = BB2;
			productName = BB2;
			productReference = 9386AA3D1E3045D6007239C8 /* BB2.app */;
			productType = "com.apple.product-type.application";
		};
		9386AA501E3045D6007239C8 /* BB2Tests */ = {
			isa = PBXNativeTarget;
			buildConfigurationList = 9386AA681E3045D6007239C8 /* Build configuration list for PBXNativeTarget "BB2Tests" */;
			buildPhases = (
				52ED0AFB66FE8EAC4864E2C0 /* [CP] Check Pods Manifest.lock */,
				9386AA4D1E3045D6007239C8 /* Sources */,
				9386AA4E1E3045D6007239C8 /* Frameworks */,
				9386AA4F1E3045D6007239C8 /* Resources */,
				FA828A1CE3456DFA76AD0C7C /* [CP] Embed Pods Frameworks */,
				0AB4E0B793C18E92B6EA8D6C /* [CP] Copy Pods Resources */,
			);
			buildRules = (
			);
			dependencies = (
				9386AA531E3045D6007239C8 /* PBXTargetDependency */,
			);
			name = BB2Tests;
			productName = BB2Tests;
			productReference = 9386AA511E3045D6007239C8 /* BB2Tests.xctest */;
			productType = "com.apple.product-type.bundle.unit-test";
		};
		9386AA5B1E3045D6007239C8 /* BB2UITests */ = {
			isa = PBXNativeTarget;
			buildConfigurationList = 9386AA6B1E3045D6007239C8 /* Build configuration list for PBXNativeTarget "BB2UITests" */;
			buildPhases = (
				43CDA25F8DBD2C55D64475E8 /* [CP] Check Pods Manifest.lock */,
				9386AA581E3045D6007239C8 /* Sources */,
				9386AA591E3045D6007239C8 /* Frameworks */,
				9386AA5A1E3045D6007239C8 /* Resources */,
				9EFD4EFCEA539D8D27F25462 /* [CP] Embed Pods Frameworks */,
				BBA201B9C7D8403F0E272736 /* [CP] Copy Pods Resources */,
			);
			buildRules = (
			);
			dependencies = (
				9386AA5E1E3045D6007239C8 /* PBXTargetDependency */,
			);
			name = BB2UITests;
			productName = BB2UITests;
			productReference = 9386AA5C1E3045D6007239C8 /* BB2UITests.xctest */;
			productType = "com.apple.product-type.bundle.ui-testing";
		};
		93ACE82E1EC0D1B1001F8882 /* OpenBoxExtension */ = {
			isa = PBXNativeTarget;
			buildConfigurationList = 93ACE83D1EC0D1B2001F8882 /* Build configuration list for PBXNativeTarget "OpenBoxExtension" */;
			buildPhases = (
				93ACE82B1EC0D1B1001F8882 /* Sources */,
				93ACE82C1EC0D1B1001F8882 /* Frameworks */,
				93ACE82D1EC0D1B1001F8882 /* Resources */,
			);
			buildRules = (
			);
			dependencies = (
			);
			name = OpenBoxExtension;
			productName = OpenBoxExtension;
			productReference = 93ACE82F1EC0D1B1001F8882 /* OpenBoxExtension.appex */;
			productType = "com.apple.product-type.app-extension";
		};
/* End PBXNativeTarget section */

/* Begin PBXProject section */
		9386AA351E3045D6007239C8 /* Project object */ = {
			isa = PBXProject;
			attributes = {
				LastSwiftUpdateCheck = 0830;
				LastUpgradeCheck = 0800;
				ORGANIZATIONNAME = "Norback Solutions, LLC";
				TargetAttributes = {
					9386AA3C1E3045D6007239C8 = {
						CreatedOnToolsVersion = 8.0;
						DevelopmentTeam = CBH54B9P5C;
						ProvisioningStyle = Automatic;
						SystemCapabilities = {
							com.apple.ApplicationGroups.iOS = {
								enabled = 0;
							};
						};
					};
					9386AA501E3045D6007239C8 = {
						CreatedOnToolsVersion = 8.0;
						DevelopmentTeam = CBH54B9P5C;
						ProvisioningStyle = Automatic;
						TestTargetID = 9386AA3C1E3045D6007239C8;
					};
					9386AA5B1E3045D6007239C8 = {
						CreatedOnToolsVersion = 8.0;
						DevelopmentTeam = CBH54B9P5C;
						ProvisioningStyle = Automatic;
						TestTargetID = 9386AA3C1E3045D6007239C8;
					};
					93ACE82E1EC0D1B1001F8882 = {
						CreatedOnToolsVersion = 8.3.2;
						DevelopmentTeam = CBH54B9P5C;
						ProvisioningStyle = Automatic;
					};
				};
			};
			buildConfigurationList = 9386AA381E3045D6007239C8 /* Build configuration list for PBXProject "OpenBox" */;
			compatibilityVersion = "Xcode 3.2";
			developmentRegion = English;
			hasScannedForEncodings = 0;
			knownRegions = (
				en,
				Base,
			);
			mainGroup = 9386AA341E3045D6007239C8;
			productRefGroup = 9386AA3E1E3045D6007239C8 /* Products */;
			projectDirPath = "";
			projectRoot = "";
			targets = (
				9386AA3C1E3045D6007239C8 /* BB2 */,
				9386AA501E3045D6007239C8 /* BB2Tests */,
				9386AA5B1E3045D6007239C8 /* BB2UITests */,
				93ACE82E1EC0D1B1001F8882 /* OpenBoxExtension */,
			);
		};
/* End PBXProject section */

/* Begin PBXResourcesBuildPhase section */
		9386AA3B1E3045D6007239C8 /* Resources */ = {
			isa = PBXResourcesBuildPhase;
			buildActionMask = 2147483647;
			files = (
				9386AA4B1E3045D6007239C8 /* LaunchScreen.storyboard in Resources */,
				9386AA481E3045D6007239C8 /* Assets.xcassets in Resources */,
				9386AA461E3045D6007239C8 /* Main.storyboard in Resources */,
			);
			runOnlyForDeploymentPostprocessing = 0;
		};
		9386AA4F1E3045D6007239C8 /* Resources */ = {
			isa = PBXResourcesBuildPhase;
			buildActionMask = 2147483647;
			files = (
			);
			runOnlyForDeploymentPostprocessing = 0;
		};
		9386AA5A1E3045D6007239C8 /* Resources */ = {
			isa = PBXResourcesBuildPhase;
			buildActionMask = 2147483647;
			files = (
			);
			runOnlyForDeploymentPostprocessing = 0;
		};
		93ACE82D1EC0D1B1001F8882 /* Resources */ = {
			isa = PBXResourcesBuildPhase;
			buildActionMask = 2147483647;
			files = (
				93ACE8361EC0D1B2001F8882 /* MainInterface.storyboard in Resources */,
			);
			runOnlyForDeploymentPostprocessing = 0;
		};
/* End PBXResourcesBuildPhase section */

/* Begin PBXShellScriptBuildPhase section */
		00E47ACA2C9E8001EA4A7D96 /* [CP] Check Pods Manifest.lock */ = {
			isa = PBXShellScriptBuildPhase;
			buildActionMask = 2147483647;
			files = (
			);
			inputPaths = (
			);
			name = "[CP] Check Pods Manifest.lock";
			outputPaths = (
			);
			runOnlyForDeploymentPostprocessing = 0;
			shellPath = /bin/sh;
			shellScript = "diff \"${PODS_ROOT}/../Podfile.lock\" \"${PODS_ROOT}/Manifest.lock\" > /dev/null\nif [ $? != 0 ] ; then\n    # print error to STDERR\n    echo \"error: The sandbox is not in sync with the Podfile.lock. Run 'pod install' or update your CocoaPods installation.\" >&2\n    exit 1\nfi\n";
			showEnvVarsInLog = 0;
		};
		0AB4E0B793C18E92B6EA8D6C /* [CP] Copy Pods Resources */ = {
			isa = PBXShellScriptBuildPhase;
			buildActionMask = 2147483647;
			files = (
			);
			inputPaths = (
			);
			name = "[CP] Copy Pods Resources";
			outputPaths = (
			);
			runOnlyForDeploymentPostprocessing = 0;
			shellPath = /bin/sh;
			shellScript = "\"${SRCROOT}/Pods/Target Support Files/Pods-BB2Tests/Pods-BB2Tests-resources.sh\"\n";
			showEnvVarsInLog = 0;
		};
		43CDA25F8DBD2C55D64475E8 /* [CP] Check Pods Manifest.lock */ = {
			isa = PBXShellScriptBuildPhase;
			buildActionMask = 2147483647;
			files = (
			);
			inputPaths = (
			);
			name = "[CP] Check Pods Manifest.lock";
			outputPaths = (
			);
			runOnlyForDeploymentPostprocessing = 0;
			shellPath = /bin/sh;
			shellScript = "diff \"${PODS_ROOT}/../Podfile.lock\" \"${PODS_ROOT}/Manifest.lock\" > /dev/null\nif [ $? != 0 ] ; then\n    # print error to STDERR\n    echo \"error: The sandbox is not in sync with the Podfile.lock. Run 'pod install' or update your CocoaPods installation.\" >&2\n    exit 1\nfi\n";
			showEnvVarsInLog = 0;
		};
		46A6F5202C78F4CC8AEA185A /* [CP] Copy Pods Resources */ = {
			isa = PBXShellScriptBuildPhase;
			buildActionMask = 2147483647;
			files = (
			);
			inputPaths = (
			);
			name = "[CP] Copy Pods Resources";
			outputPaths = (
			);
			runOnlyForDeploymentPostprocessing = 0;
			shellPath = /bin/sh;
			shellScript = "\"${SRCROOT}/Pods/Target Support Files/Pods-BB2/Pods-BB2-resources.sh\"\n";
			showEnvVarsInLog = 0;
		};
		52A3BA054CF8AADA93CCEB6E /* [CP] Embed Pods Frameworks */ = {
			isa = PBXShellScriptBuildPhase;
			buildActionMask = 2147483647;
			files = (
			);
			inputPaths = (
			);
			name = "[CP] Embed Pods Frameworks";
			outputPaths = (
			);
			runOnlyForDeploymentPostprocessing = 0;
			shellPath = /bin/sh;
			shellScript = "\"${SRCROOT}/Pods/Target Support Files/Pods-BB2/Pods-BB2-frameworks.sh\"\n";
			showEnvVarsInLog = 0;
		};
		52ED0AFB66FE8EAC4864E2C0 /* [CP] Check Pods Manifest.lock */ = {
			isa = PBXShellScriptBuildPhase;
			buildActionMask = 2147483647;
			files = (
			);
			inputPaths = (
			);
			name = "[CP] Check Pods Manifest.lock";
			outputPaths = (
			);
			runOnlyForDeploymentPostprocessing = 0;
			shellPath = /bin/sh;
			shellScript = "diff \"${PODS_ROOT}/../Podfile.lock\" \"${PODS_ROOT}/Manifest.lock\" > /dev/null\nif [ $? != 0 ] ; then\n    # print error to STDERR\n    echo \"error: The sandbox is not in sync with the Podfile.lock. Run 'pod install' or update your CocoaPods installation.\" >&2\n    exit 1\nfi\n";
			showEnvVarsInLog = 0;
		};
		9EFD4EFCEA539D8D27F25462 /* [CP] Embed Pods Frameworks */ = {
			isa = PBXShellScriptBuildPhase;
			buildActionMask = 2147483647;
			files = (
			);
			inputPaths = (
			);
			name = "[CP] Embed Pods Frameworks";
			outputPaths = (
			);
			runOnlyForDeploymentPostprocessing = 0;
			shellPath = /bin/sh;
			shellScript = "\"${SRCROOT}/Pods/Target Support Files/Pods-BB2UITests/Pods-BB2UITests-frameworks.sh\"\n";
			showEnvVarsInLog = 0;
		};
		BBA201B9C7D8403F0E272736 /* [CP] Copy Pods Resources */ = {
			isa = PBXShellScriptBuildPhase;
			buildActionMask = 2147483647;
			files = (
			);
			inputPaths = (
			);
			name = "[CP] Copy Pods Resources";
			outputPaths = (
			);
			runOnlyForDeploymentPostprocessing = 0;
			shellPath = /bin/sh;
			shellScript = "\"${SRCROOT}/Pods/Target Support Files/Pods-BB2UITests/Pods-BB2UITests-resources.sh\"\n";
			showEnvVarsInLog = 0;
		};
		FA828A1CE3456DFA76AD0C7C /* [CP] Embed Pods Frameworks */ = {
			isa = PBXShellScriptBuildPhase;
			buildActionMask = 2147483647;
			files = (
			);
			inputPaths = (
			);
			name = "[CP] Embed Pods Frameworks";
			outputPaths = (
			);
			runOnlyForDeploymentPostprocessing = 0;
			shellPath = /bin/sh;
			shellScript = "\"${SRCROOT}/Pods/Target Support Files/Pods-BB2Tests/Pods-BB2Tests-frameworks.sh\"\n";
			showEnvVarsInLog = 0;
		};
/* End PBXShellScriptBuildPhase section */

/* Begin PBXSourcesBuildPhase section */
		9386AA391E3045D6007239C8 /* Sources */ = {
			isa = PBXSourcesBuildPhase;
			buildActionMask = 2147483647;
			files = (
				9386AA431E3045D6007239C8 /* MainMenuVC.swift in Sources */,
				93CC77F81E5BDF1B00A7623A /* GreenBattery.swift in Sources */,
				9391668C1E54F1FD00F93C87 /* MainMenuVM.swift in Sources */,
				9361F1C31E4E936D00F9C59C /* Puzzle.swift in Sources */,
				932AF3B31E39E594007B8D5E /* ReadingPuzzleVC.swift in Sources */,
				93E20F7E1E58BB810017F55F /* FableVM.swift in Sources */,
				93E20F8A1E58E7040017F55F /* YellowBattery.swift in Sources */,
				93E20F8E1E58E7270017F55F /* BatteryVM.swift in Sources */,
				934EBB2A1E309DE2005E44FB /* Colors.swift in Sources */,
				93E20F861E58BF430017F55F /* ReadLastStanzaBackward.swift in Sources */,
				93E20F7C1E58BB5C0017F55F /* FableVC.swift in Sources */,
				939166921E54F30600F93C87 /* LevelVM.swift in Sources */,
				934EBB221E3081AD005E44FB /* LightButton.swift in Sources */,
				93E20F821E58BF110017F55F /* ReadForward.swift in Sources */,
				93E20F801E58BE900017F55F /* ReadFirstStanza.swift in Sources */,
				934EBB241E3082E0005E44FB /* GridPosition.swift in Sources */,
				93815A0B1E82413100A5AA79 /* FallingBlockVC.swift in Sources */,
				9333034B1E39B8EC00E2C957 /* PuzzleId.swift in Sources */,
				93E20F8C1E58E7190017F55F /* BatteryVC.swift in Sources */,
				9361F1C91E4E96E800F9C59C /* WaitOneDay.swift in Sources */,
				93E20F841E58BF290017F55F /* ReadBackward.swift in Sources */,
				93CC77F61E5BDF1200A7623A /* RedBattery.swift in Sources */,
				936DD7231E4A8AB100FE83FC /* WaitVC.swift in Sources */,
				9333034D1E39BF6E00E2C957 /* SegueHandlerType.swift in Sources */,
				9330544D1E3A8C2C00AB7D91 /* AnimationError.swift in Sources */,
				93912C551E7DEDB20012D015 /* BatteryView.swift in Sources */,
				9385C0A71E318E1E001DF453 /* LightGroup.swift in Sources */,
				9386AA411E3045D6007239C8 /* AppDelegate.swift in Sources */,
				9386AA6F1E304A1B007239C8 /* Dot.swift in Sources */,
				9391668E1E54F20B00F93C87 /* LightVM.swift in Sources */,
				9361F1C11E4E913E00F9C59C /* SegueId.swift in Sources */,
				93CC77FA1E5BDF2400A7623A /* WhiteBattery.swift in Sources */,
				9391668A1E54F1F200F93C87 /* MenuItem.swift in Sources */,
				930928491E3AC9D4007DEA67 /* String+.swift in Sources */,
				93AC43301E8228F200D0F43D /* WaveFormView.swift in Sources */,
				939166981E54FF1600F93C87 /* WaitVM.swift in Sources */,
				93E20F7A1E58B60C0017F55F /* WaitOneSecond.swift in Sources */,
				9361F1CB1E4E96F500F9C59C /* WaitOneHour.swift in Sources */,
				9361F1C71E4E954A00F9C59C /* WaitOneMinute.swift in Sources */,
				934EBB281E309B5C005E44FB /* Values.swift in Sources */,
			);
			runOnlyForDeploymentPostprocessing = 0;
		};
		9386AA4D1E3045D6007239C8 /* Sources */ = {
			isa = PBXSourcesBuildPhase;
			buildActionMask = 2147483647;
			files = (
				9386AA561E3045D6007239C8 /* BB2Tests.swift in Sources */,
			);
			runOnlyForDeploymentPostprocessing = 0;
		};
		9386AA581E3045D6007239C8 /* Sources */ = {
			isa = PBXSourcesBuildPhase;
			buildActionMask = 2147483647;
			files = (
				9386AA611E3045D6007239C8 /* BB2UITests.swift in Sources */,
			);
			runOnlyForDeploymentPostprocessing = 0;
		};
		93ACE82B1EC0D1B1001F8882 /* Sources */ = {
			isa = PBXSourcesBuildPhase;
			buildActionMask = 2147483647;
			files = (
				93ACE83E1EC0D27B001F8882 /* PuzzleId.swift in Sources */,
				93ACE8331EC0D1B2001F8882 /* TodayViewController.swift in Sources */,
			);
			runOnlyForDeploymentPostprocessing = 0;
		};
/* End PBXSourcesBuildPhase section */

/* Begin PBXTargetDependency section */
		9386AA531E3045D6007239C8 /* PBXTargetDependency */ = {
			isa = PBXTargetDependency;
			target = 9386AA3C1E3045D6007239C8 /* BB2 */;
			targetProxy = 9386AA521E3045D6007239C8 /* PBXContainerItemProxy */;
		};
		9386AA5E1E3045D6007239C8 /* PBXTargetDependency */ = {
			isa = PBXTargetDependency;
			target = 9386AA3C1E3045D6007239C8 /* BB2 */;
			targetProxy = 9386AA5D1E3045D6007239C8 /* PBXContainerItemProxy */;
		};
		93ACE8391EC0D1B2001F8882 /* PBXTargetDependency */ = {
			isa = PBXTargetDependency;
			target = 93ACE82E1EC0D1B1001F8882 /* OpenBoxExtension */;
			targetProxy = 93ACE8381EC0D1B2001F8882 /* PBXContainerItemProxy */;
		};
/* End PBXTargetDependency section */

/* Begin PBXVariantGroup section */
		9386AA441E3045D6007239C8 /* Main.storyboard */ = {
			isa = PBXVariantGroup;
			children = (
				9386AA451E3045D6007239C8 /* Base */,
			);
			name = Main.storyboard;
			sourceTree = "<group>";
		};
		9386AA491E3045D6007239C8 /* LaunchScreen.storyboard */ = {
			isa = PBXVariantGroup;
			children = (
				9386AA4A1E3045D6007239C8 /* Base */,
			);
			name = LaunchScreen.storyboard;
			sourceTree = "<group>";
		};
		93ACE8341EC0D1B2001F8882 /* MainInterface.storyboard */ = {
			isa = PBXVariantGroup;
			children = (
				93ACE8351EC0D1B2001F8882 /* Base */,
			);
			name = MainInterface.storyboard;
			sourceTree = "<group>";
		};
/* End PBXVariantGroup section */

/* Begin XCBuildConfiguration section */
		9386AA631E3045D6007239C8 /* Debug */ = {
			isa = XCBuildConfiguration;
			buildSettings = {
				ALWAYS_SEARCH_USER_PATHS = NO;
				CLANG_ANALYZER_NONNULL = YES;
				CLANG_CXX_LANGUAGE_STANDARD = "gnu++0x";
				CLANG_CXX_LIBRARY = "libc++";
				CLANG_ENABLE_MODULES = YES;
				CLANG_ENABLE_OBJC_ARC = YES;
				CLANG_WARN_BOOL_CONVERSION = YES;
				CLANG_WARN_CONSTANT_CONVERSION = YES;
				CLANG_WARN_DIRECT_OBJC_ISA_USAGE = YES_ERROR;
				CLANG_WARN_DOCUMENTATION_COMMENTS = YES;
				CLANG_WARN_EMPTY_BODY = YES;
				CLANG_WARN_ENUM_CONVERSION = YES;
				CLANG_WARN_INFINITE_RECURSION = YES;
				CLANG_WARN_INT_CONVERSION = YES;
				CLANG_WARN_OBJC_ROOT_CLASS = YES_ERROR;
				CLANG_WARN_SUSPICIOUS_MOVES = YES;
				CLANG_WARN_UNREACHABLE_CODE = YES;
				CLANG_WARN__DUPLICATE_METHOD_MATCH = YES;
				"CODE_SIGN_IDENTITY[sdk=iphoneos*]" = "iPhone Developer";
				COPY_PHASE_STRIP = NO;
				DEBUG_INFORMATION_FORMAT = dwarf;
				ENABLE_STRICT_OBJC_MSGSEND = YES;
				ENABLE_TESTABILITY = YES;
				GCC_C_LANGUAGE_STANDARD = gnu99;
				GCC_DYNAMIC_NO_PIC = NO;
				GCC_NO_COMMON_BLOCKS = YES;
				GCC_OPTIMIZATION_LEVEL = 0;
				GCC_PREPROCESSOR_DEFINITIONS = (
					"DEBUG=1",
					"$(inherited)",
				);
				GCC_WARN_64_TO_32_BIT_CONVERSION = YES;
				GCC_WARN_ABOUT_RETURN_TYPE = YES_ERROR;
				GCC_WARN_UNDECLARED_SELECTOR = YES;
				GCC_WARN_UNINITIALIZED_AUTOS = YES_AGGRESSIVE;
				GCC_WARN_UNUSED_FUNCTION = YES;
				GCC_WARN_UNUSED_VARIABLE = YES;
				IPHONEOS_DEPLOYMENT_TARGET = 10.0;
				MTL_ENABLE_DEBUG_INFO = YES;
				ONLY_ACTIVE_ARCH = YES;
				SDKROOT = iphoneos;
				SWIFT_ACTIVE_COMPILATION_CONDITIONS = DEBUG;
				SWIFT_OPTIMIZATION_LEVEL = "-Onone";
			};
			name = Debug;
		};
		9386AA641E3045D6007239C8 /* Release */ = {
			isa = XCBuildConfiguration;
			buildSettings = {
				ALWAYS_SEARCH_USER_PATHS = NO;
				CLANG_ANALYZER_NONNULL = YES;
				CLANG_CXX_LANGUAGE_STANDARD = "gnu++0x";
				CLANG_CXX_LIBRARY = "libc++";
				CLANG_ENABLE_MODULES = YES;
				CLANG_ENABLE_OBJC_ARC = YES;
				CLANG_WARN_BOOL_CONVERSION = YES;
				CLANG_WARN_CONSTANT_CONVERSION = YES;
				CLANG_WARN_DIRECT_OBJC_ISA_USAGE = YES_ERROR;
				CLANG_WARN_DOCUMENTATION_COMMENTS = YES;
				CLANG_WARN_EMPTY_BODY = YES;
				CLANG_WARN_ENUM_CONVERSION = YES;
				CLANG_WARN_INFINITE_RECURSION = YES;
				CLANG_WARN_INT_CONVERSION = YES;
				CLANG_WARN_OBJC_ROOT_CLASS = YES_ERROR;
				CLANG_WARN_SUSPICIOUS_MOVES = YES;
				CLANG_WARN_UNREACHABLE_CODE = YES;
				CLANG_WARN__DUPLICATE_METHOD_MATCH = YES;
				"CODE_SIGN_IDENTITY[sdk=iphoneos*]" = "iPhone Developer";
				COPY_PHASE_STRIP = NO;
				DEBUG_INFORMATION_FORMAT = "dwarf-with-dsym";
				ENABLE_NS_ASSERTIONS = NO;
				ENABLE_STRICT_OBJC_MSGSEND = YES;
				GCC_C_LANGUAGE_STANDARD = gnu99;
				GCC_NO_COMMON_BLOCKS = YES;
				GCC_WARN_64_TO_32_BIT_CONVERSION = YES;
				GCC_WARN_ABOUT_RETURN_TYPE = YES_ERROR;
				GCC_WARN_UNDECLARED_SELECTOR = YES;
				GCC_WARN_UNINITIALIZED_AUTOS = YES_AGGRESSIVE;
				GCC_WARN_UNUSED_FUNCTION = YES;
				GCC_WARN_UNUSED_VARIABLE = YES;
				IPHONEOS_DEPLOYMENT_TARGET = 10.0;
				MTL_ENABLE_DEBUG_INFO = NO;
				SDKROOT = iphoneos;
				SWIFT_OPTIMIZATION_LEVEL = "-Owholemodule";
				VALIDATE_PRODUCT = YES;
			};
			name = Release;
		};
		9386AA661E3045D6007239C8 /* Debug */ = {
			isa = XCBuildConfiguration;
			baseConfigurationReference = BCAB88EFBA06AC83E6E859C3 /* Pods-BB2.debug.xcconfig */;
			buildSettings = {
				ALWAYS_EMBED_SWIFT_STANDARD_LIBRARIES = YES;
				ASSETCATALOG_COMPILER_APPICON_NAME = AppIcon;
				DEVELOPMENT_TEAM = CBH54B9P5C;
				INFOPLIST_FILE = BB2/Info.plist;
				LD_RUNPATH_SEARCH_PATHS = "$(inherited) @executable_path/Frameworks";
				PRODUCT_BUNDLE_IDENTIFIER = com.robnorback.BB2;
				PRODUCT_NAME = "$(TARGET_NAME)";
				SWIFT_VERSION = 3.0;
			};
			name = Debug;
		};
		9386AA671E3045D6007239C8 /* Release */ = {
			isa = XCBuildConfiguration;
			baseConfigurationReference = B255FC23AD4670B8B9D74D2D /* Pods-BB2.release.xcconfig */;
			buildSettings = {
				ALWAYS_EMBED_SWIFT_STANDARD_LIBRARIES = YES;
				ASSETCATALOG_COMPILER_APPICON_NAME = AppIcon;
				DEVELOPMENT_TEAM = CBH54B9P5C;
				INFOPLIST_FILE = BB2/Info.plist;
				LD_RUNPATH_SEARCH_PATHS = "$(inherited) @executable_path/Frameworks";
				PRODUCT_BUNDLE_IDENTIFIER = com.robnorback.BB2;
				PRODUCT_NAME = "$(TARGET_NAME)";
				SWIFT_VERSION = 3.0;
			};
			name = Release;
		};
		9386AA691E3045D6007239C8 /* Debug */ = {
			isa = XCBuildConfiguration;
			baseConfigurationReference = CFCDCF74E269FB191F4A4AD6 /* Pods-BB2Tests.debug.xcconfig */;
			buildSettings = {
				ALWAYS_EMBED_SWIFT_STANDARD_LIBRARIES = YES;
				BUNDLE_LOADER = "$(TEST_HOST)";
				DEVELOPMENT_TEAM = CBH54B9P5C;
				INFOPLIST_FILE = BB2Tests/Info.plist;
				LD_RUNPATH_SEARCH_PATHS = "$(inherited) @executable_path/Frameworks @loader_path/Frameworks";
				PRODUCT_BUNDLE_IDENTIFIER = com.robnorback.BB2Tests;
				PRODUCT_NAME = "$(TARGET_NAME)";
				SWIFT_VERSION = 3.0;
				TEST_HOST = "$(BUILT_PRODUCTS_DIR)/BB2.app/BB2";
			};
			name = Debug;
		};
		9386AA6A1E3045D6007239C8 /* Release */ = {
			isa = XCBuildConfiguration;
			baseConfigurationReference = 7FBC9F34362A65786E4C2403 /* Pods-BB2Tests.release.xcconfig */;
			buildSettings = {
				ALWAYS_EMBED_SWIFT_STANDARD_LIBRARIES = YES;
				BUNDLE_LOADER = "$(TEST_HOST)";
				DEVELOPMENT_TEAM = CBH54B9P5C;
				INFOPLIST_FILE = BB2Tests/Info.plist;
				LD_RUNPATH_SEARCH_PATHS = "$(inherited) @executable_path/Frameworks @loader_path/Frameworks";
				PRODUCT_BUNDLE_IDENTIFIER = com.robnorback.BB2Tests;
				PRODUCT_NAME = "$(TARGET_NAME)";
				SWIFT_VERSION = 3.0;
				TEST_HOST = "$(BUILT_PRODUCTS_DIR)/BB2.app/BB2";
			};
			name = Release;
		};
		9386AA6C1E3045D6007239C8 /* Debug */ = {
			isa = XCBuildConfiguration;
			baseConfigurationReference = 7D103234974380A7179B589E /* Pods-BB2UITests.debug.xcconfig */;
			buildSettings = {
				ALWAYS_EMBED_SWIFT_STANDARD_LIBRARIES = YES;
				DEVELOPMENT_TEAM = CBH54B9P5C;
				INFOPLIST_FILE = BB2UITests/Info.plist;
				LD_RUNPATH_SEARCH_PATHS = "$(inherited) @executable_path/Frameworks @loader_path/Frameworks";
				PRODUCT_BUNDLE_IDENTIFIER = com.robnorback.BB2UITests;
				PRODUCT_NAME = "$(TARGET_NAME)";
				SWIFT_VERSION = 3.0;
				TEST_TARGET_NAME = BB2;
			};
			name = Debug;
		};
		9386AA6D1E3045D6007239C8 /* Release */ = {
			isa = XCBuildConfiguration;
			baseConfigurationReference = B57B65A926BAC55AF9154ED5 /* Pods-BB2UITests.release.xcconfig */;
			buildSettings = {
				ALWAYS_EMBED_SWIFT_STANDARD_LIBRARIES = YES;
				DEVELOPMENT_TEAM = CBH54B9P5C;
				INFOPLIST_FILE = BB2UITests/Info.plist;
				LD_RUNPATH_SEARCH_PATHS = "$(inherited) @executable_path/Frameworks @loader_path/Frameworks";
				PRODUCT_BUNDLE_IDENTIFIER = com.robnorback.BB2UITests;
				PRODUCT_NAME = "$(TARGET_NAME)";
				SWIFT_VERSION = 3.0;
				TEST_TARGET_NAME = BB2;
			};
			name = Release;
		};
		93ACE83B1EC0D1B2001F8882 /* Debug */ = {
			isa = XCBuildConfiguration;
			buildSettings = {
				CLANG_ANALYZER_NUMBER_OBJECT_CONVERSION = YES_AGGRESSIVE;
				CLANG_WARN_SUSPICIOUS_MOVE = YES;
				DEVELOPMENT_TEAM = CBH54B9P5C;
				INFOPLIST_FILE = OpenBoxExtension/Info.plist;
				IPHONEOS_DEPLOYMENT_TARGET = 10.3;
				LD_RUNPATH_SEARCH_PATHS = "$(inherited) @executable_path/Frameworks @executable_path/../../Frameworks";
				PRODUCT_BUNDLE_IDENTIFIER = com.robnorback.BB2.OpenBoxExtension;
				PRODUCT_NAME = "$(TARGET_NAME)";
				SKIP_INSTALL = YES;
				SWIFT_VERSION = 3.0;
			};
			name = Debug;
		};
		93ACE83C1EC0D1B2001F8882 /* Release */ = {
			isa = XCBuildConfiguration;
			buildSettings = {
				CLANG_ANALYZER_NUMBER_OBJECT_CONVERSION = YES_AGGRESSIVE;
				CLANG_WARN_SUSPICIOUS_MOVE = YES;
				DEVELOPMENT_TEAM = CBH54B9P5C;
				INFOPLIST_FILE = OpenBoxExtension/Info.plist;
				IPHONEOS_DEPLOYMENT_TARGET = 10.3;
				LD_RUNPATH_SEARCH_PATHS = "$(inherited) @executable_path/Frameworks @executable_path/../../Frameworks";
				PRODUCT_BUNDLE_IDENTIFIER = com.robnorback.BB2.OpenBoxExtension;
				PRODUCT_NAME = "$(TARGET_NAME)";
				SKIP_INSTALL = YES;
				SWIFT_VERSION = 3.0;
			};
			name = Release;
		};
/* End XCBuildConfiguration section */

/* Begin XCConfigurationList section */
		9386AA381E3045D6007239C8 /* Build configuration list for PBXProject "OpenBox" */ = {
			isa = XCConfigurationList;
			buildConfigurations = (
				9386AA631E3045D6007239C8 /* Debug */,
				9386AA641E3045D6007239C8 /* Release */,
			);
			defaultConfigurationIsVisible = 0;
			defaultConfigurationName = Release;
		};
		9386AA651E3045D6007239C8 /* Build configuration list for PBXNativeTarget "BB2" */ = {
			isa = XCConfigurationList;
			buildConfigurations = (
				9386AA661E3045D6007239C8 /* Debug */,
				9386AA671E3045D6007239C8 /* Release */,
			);
			defaultConfigurationIsVisible = 0;
			defaultConfigurationName = Release;
		};
		9386AA681E3045D6007239C8 /* Build configuration list for PBXNativeTarget "BB2Tests" */ = {
			isa = XCConfigurationList;
			buildConfigurations = (
				9386AA691E3045D6007239C8 /* Debug */,
				9386AA6A1E3045D6007239C8 /* Release */,
			);
			defaultConfigurationIsVisible = 0;
			defaultConfigurationName = Release;
		};
		9386AA6B1E3045D6007239C8 /* Build configuration list for PBXNativeTarget "BB2UITests" */ = {
			isa = XCConfigurationList;
			buildConfigurations = (
				9386AA6C1E3045D6007239C8 /* Debug */,
				9386AA6D1E3045D6007239C8 /* Release */,
			);
			defaultConfigurationIsVisible = 0;
			defaultConfigurationName = Release;
		};
		93ACE83D1EC0D1B2001F8882 /* Build configuration list for PBXNativeTarget "OpenBoxExtension" */ = {
			isa = XCConfigurationList;
			buildConfigurations = (
				93ACE83B1EC0D1B2001F8882 /* Debug */,
				93ACE83C1EC0D1B2001F8882 /* Release */,
			);
			defaultConfigurationIsVisible = 0;
		};
/* End XCConfigurationList section */
	};
	rootObject = 9386AA351E3045D6007239C8 /* Project object */;
}
